
Microsoft Visual Studio Solution File, Format Version 12.00
# Visual Studio Version 18
VisualStudioVersion = 18.1.11312.151 d18.0
MinimumVisualStudioVersion = 10.0.40219.1
Project("{2150E333-8FDC-42A3-9474-1A3956D46DE8}") = "src", "src", "{827E0CD3-B72D-47B6-A68D-7590B98EB39B}"
EndProject
Project("{FAE04EC0-301F-11D3-BF4B-00C04F79EFBC}") = "Locus.Core", "src\Locus.Core\Locus.Core.csproj", "{43469D66-F94F-4780-8402-8564FD87CF9C}"
EndProject
Project("{FAE04EC0-301F-11D3-BF4B-00C04F79EFBC}") = "Locus.FileSystem", "src\Locus.FileSystem\Locus.FileSystem.csproj", "{74DEA581-4C80-43A9-B5C2-49EEBAF8A8BB}"
EndProject
Project("{FAE04EC0-301F-11D3-BF4B-00C04F79EFBC}") = "Locus.Storage", "src\Locus.Storage\Locus.Storage.csproj", "{82DFA943-E0F0-4ABE-A268-D5BAD1DAEB27}"
EndProject
Project("{FAE04EC0-301F-11D3-BF4B-00C04F79EFBC}") = "Locus.MultiTenant", "src\Locus.MultiTenant\Locus.MultiTenant.csproj", "{2CFDF054-6D00-4A50-A58A-B94DBA99CB42}"
EndProject
Project("{FAE04EC0-301F-11D3-BF4B-00C04F79EFBC}") = "Locus", "src\Locus\Locus.csproj", "{EA4E1B26-7F7E-41AC-B269-EA715C3A96E6}"
EndProject
Project("{2150E333-8FDC-42A3-9474-1A3956D46DE8}") = "tests", "tests", "{0AB3BF05-4346-4AA6-1389-037BE0695223}"
EndProject
Project("{FAE04EC0-301F-11D3-BF4B-00C04F79EFBC}") = "Locus.Storage.Tests", "tests\Locus.Storage.Tests\Locus.Storage.Tests.csproj", "{3BF2F823-B435-4FCC-8038-85FA0B418B4A}"
EndProject
Project("{FAE04EC0-301F-11D3-BF4B-00C04F79EFBC}") = "Locus.MultiTenant.Tests", "tests\Locus.MultiTenant.Tests\Locus.MultiTenant.Tests.csproj", "{A2E1A5E3-59B7-4FF2-993E-99868E89CF7D}"
EndProject
Project("{FAE04EC0-301F-11D3-BF4B-00C04F79EFBC}") = "Locus.IntegrationTests", "tests\Locus.IntegrationTests\Locus.IntegrationTests.csproj", "{F2646AA7-39EC-4D8A-A469-4FB27B9A362A}"
EndProject
Project("{2150E333-8FDC-42A3-9474-1A3956D46DE8}") = "samples", "samples", "{5D20AA90-6969-D8BD-9DCD-8634F4692FDA}"
EndProject
Project("{FAE04EC0-301F-11D3-BF4B-00C04F79EFBC}") = "Locus.Sample.Console", "samples\Locus.Sample.Console\Locus.Sample.Console.csproj", "{B0F5F8DA-BD2E-4DC5-8C74-36C12AA588B3}"
EndProject
Project("{FAE04EC0-301F-11D3-BF4B-00C04F79EFBC}") = "Locus.FileSystem.Tests", "tests\Locus.FileSystem.Tests\Locus.FileSystem.Tests.csproj", "{391ED617-7851-4696-950E-DEEA9D016A66}"
EndProject
Project("{FAE04EC0-301F-11D3-BF4B-00C04F79EFBC}") = "Locus.Benchmarks", "tests\Locus.Benchmarks\Locus.Benchmarks.csproj", "{BAA18009-005F-439D-8065-48DD9430220E}"
EndProject
Project("{FAE04EC0-301F-11D3-BF4B-00C04F79EFBC}") = "Locus.Sample.StressTest", "samples\Locus.Sample.StressTest\Locus.Sample.StressTest.csproj", "{9D915046-3A44-7A8F-6AEC-A31BF3378B0F}"
EndProject
Global
	GlobalSection(SolutionConfigurationPlatforms) = preSolution
		Debug|Any CPU = Debug|Any CPU
		Debug|x64 = Debug|x64
		Debug|x86 = Debug|x86
		Release|Any CPU = Release|Any CPU
		Release|x64 = Release|x64
		Release|x86 = Release|x86
	EndGlobalSection
	GlobalSection(ProjectConfigurationPlatforms) = postSolution
		{43469D66-F94F-4780-8402-8564FD87CF9C}.Debug|Any CPU.ActiveCfg = Debug|Any CPU
		{43469D66-F94F-4780-8402-8564FD87CF9C}.Debug|Any CPU.Build.0 = Debug|Any CPU
		{43469D66-F94F-4780-8402-8564FD87CF9C}.Debug|x64.ActiveCfg = Debug|Any CPU
		{43469D66-F94F-4780-8402-8564FD87CF9C}.Debug|x64.Build.0 = Debug|Any CPU
		{43469D66-F94F-4780-8402-8564FD87CF9C}.Debug|x86.ActiveCfg = Debug|Any CPU
		{43469D66-F94F-4780-8402-8564FD87CF9C}.Debug|x86.Build.0 = Debug|Any CPU
		{43469D66-F94F-4780-8402-8564FD87CF9C}.Release|Any CPU.ActiveCfg = Release|Any CPU
		{43469D66-F94F-4780-8402-8564FD87CF9C}.Release|Any CPU.Build.0 = Release|Any CPU
		{43469D66-F94F-4780-8402-8564FD87CF9C}.Release|x64.ActiveCfg = Release|Any CPU
		{43469D66-F94F-4780-8402-8564FD87CF9C}.Release|x64.Build.0 = Release|Any CPU
		{43469D66-F94F-4780-8402-8564FD87CF9C}.Release|x86.ActiveCfg = Release|Any CPU
		{43469D66-F94F-4780-8402-8564FD87CF9C}.Release|x86.Build.0 = Release|Any CPU
		{74DEA581-4C80-43A9-B5C2-49EEBAF8A8BB}.Debug|Any CPU.ActiveCfg = Debug|Any CPU
		{74DEA581-4C80-43A9-B5C2-49EEBAF8A8BB}.Debug|Any CPU.Build.0 = Debug|Any CPU
		{74DEA581-4C80-43A9-B5C2-49EEBAF8A8BB}.Debug|x64.ActiveCfg = Debug|Any CPU
		{74DEA581-4C80-43A9-B5C2-49EEBAF8A8BB}.Debug|x64.Build.0 = Debug|Any CPU
		{74DEA581-4C80-43A9-B5C2-49EEBAF8A8BB}.Debug|x86.ActiveCfg = Debug|Any CPU
		{74DEA581-4C80-43A9-B5C2-49EEBAF8A8BB}.Debug|x86.Build.0 = Debug|Any CPU
		{74DEA581-4C80-43A9-B5C2-49EEBAF8A8BB}.Release|Any CPU.ActiveCfg = Release|Any CPU
		{74DEA581-4C80-43A9-B5C2-49EEBAF8A8BB}.Release|Any CPU.Build.0 = Release|Any CPU
		{74DEA581-4C80-43A9-B5C2-49EEBAF8A8BB}.Release|x64.ActiveCfg = Release|Any CPU
		{74DEA581-4C80-43A9-B5C2-49EEBAF8A8BB}.Release|x64.Build.0 = Release|Any CPU
		{74DEA581-4C80-43A9-B5C2-49EEBAF8A8BB}.Release|x86.ActiveCfg = Release|Any CPU
		{74DEA581-4C80-43A9-B5C2-49EEBAF8A8BB}.Release|x86.Build.0 = Release|Any CPU
		{82DFA943-E0F0-4ABE-A268-D5BAD1DAEB27}.Debug|Any CPU.ActiveCfg = Debug|Any CPU
		{82DFA943-E0F0-4ABE-A268-D5BAD1DAEB27}.Debug|Any CPU.Build.0 = Debug|Any CPU
		{82DFA943-E0F0-4ABE-A268-D5BAD1DAEB27}.Debug|x64.ActiveCfg = Debug|Any CPU
		{82DFA943-E0F0-4ABE-A268-D5BAD1DAEB27}.Debug|x64.Build.0 = Debug|Any CPU
		{82DFA943-E0F0-4ABE-A268-D5BAD1DAEB27}.Debug|x86.ActiveCfg = Debug|Any CPU
		{82DFA943-E0F0-4ABE-A268-D5BAD1DAEB27}.Debug|x86.Build.0 = Debug|Any CPU
		{82DFA943-E0F0-4ABE-A268-D5BAD1DAEB27}.Release|Any CPU.ActiveCfg = Release|Any CPU
		{82DFA943-E0F0-4ABE-A268-D5BAD1DAEB27}.Release|Any CPU.Build.0 = Release|Any CPU
		{82DFA943-E0F0-4ABE-A268-D5BAD1DAEB27}.Release|x64.ActiveCfg = Release|Any CPU
		{82DFA943-E0F0-4ABE-A268-D5BAD1DAEB27}.Release|x64.Build.0 = Release|Any CPU
		{82DFA943-E0F0-4ABE-A268-D5BAD1DAEB27}.Release|x86.ActiveCfg = Release|Any CPU
		{82DFA943-E0F0-4ABE-A268-D5BAD1DAEB27}.Release|x86.Build.0 = Release|Any CPU
		{2CFDF054-6D00-4A50-A58A-B94DBA99CB42}.Debug|Any CPU.ActiveCfg = Debug|Any CPU
		{2CFDF054-6D00-4A50-A58A-B94DBA99CB42}.Debug|Any CPU.Build.0 = Debug|Any CPU
		{2CFDF054-6D00-4A50-A58A-B94DBA99CB42}.Debug|x64.ActiveCfg = Debug|Any CPU
		{2CFDF054-6D00-4A50-A58A-B94DBA99CB42}.Debug|x64.Build.0 = Debug|Any CPU
		{2CFDF054-6D00-4A50-A58A-B94DBA99CB42}.Debug|x86.ActiveCfg = Debug|Any CPU
		{2CFDF054-6D00-4A50-A58A-B94DBA99CB42}.Debug|x86.Build.0 = Debug|Any CPU
		{2CFDF054-6D00-4A50-A58A-B94DBA99CB42}.Release|Any CPU.ActiveCfg = Release|Any CPU
		{2CFDF054-6D00-4A50-A58A-B94DBA99CB42}.Release|Any CPU.Build.0 = Release|Any CPU
		{2CFDF054-6D00-4A50-A58A-B94DBA99CB42}.Release|x64.ActiveCfg = Release|Any CPU
		{2CFDF054-6D00-4A50-A58A-B94DBA99CB42}.Release|x64.Build.0 = Release|Any CPU
		{2CFDF054-6D00-4A50-A58A-B94DBA99CB42}.Release|x86.ActiveCfg = Release|Any CPU
		{2CFDF054-6D00-4A50-A58A-B94DBA99CB42}.Release|x86.Build.0 = Release|Any CPU
		{EA4E1B26-7F7E-41AC-B269-EA715C3A96E6}.Debug|Any CPU.ActiveCfg = Debug|Any CPU
		{EA4E1B26-7F7E-41AC-B269-EA715C3A96E6}.Debug|Any CPU.Build.0 = Debug|Any CPU
		{EA4E1B26-7F7E-41AC-B269-EA715C3A96E6}.Debug|x64.ActiveCfg = Debug|Any CPU
		{EA4E1B26-7F7E-41AC-B269-EA715C3A96E6}.Debug|x64.Build.0 = Debug|Any CPU
		{EA4E1B26-7F7E-41AC-B269-EA715C3A96E6}.Debug|x86.ActiveCfg = Debug|Any CPU
		{EA4E1B26-7F7E-41AC-B269-EA715C3A96E6}.Debug|x86.Build.0 = Debug|Any CPU
		{EA4E1B26-7F7E-41AC-B269-EA715C3A96E6}.Release|Any CPU.ActiveCfg = Release|Any CPU
		{EA4E1B26-7F7E-41AC-B269-EA715C3A96E6}.Release|Any CPU.Build.0 = Release|Any CPU
		{EA4E1B26-7F7E-41AC-B269-EA715C3A96E6}.Release|x64.ActiveCfg = Release|Any CPU
		{EA4E1B26-7F7E-41AC-B269-EA715C3A96E6}.Release|x64.Build.0 = Release|Any CPU
		{EA4E1B26-7F7E-41AC-B269-EA715C3A96E6}.Release|x86.ActiveCfg = Release|Any CPU
		{EA4E1B26-7F7E-41AC-B269-EA715C3A96E6}.Release|x86.Build.0 = Release|Any CPU
		{3BF2F823-B435-4FCC-8038-85FA0B418B4A}.Debug|Any CPU.ActiveCfg = Debug|Any CPU
		{3BF2F823-B435-4FCC-8038-85FA0B418B4A}.Debug|Any CPU.Build.0 = Debug|Any CPU
		{3BF2F823-B435-4FCC-8038-85FA0B418B4A}.Debug|x64.ActiveCfg = Debug|Any CPU
		{3BF2F823-B435-4FCC-8038-85FA0B418B4A}.Debug|x64.Build.0 = Debug|Any CPU
		{3BF2F823-B435-4FCC-8038-85FA0B418B4A}.Debug|x86.ActiveCfg = Debug|Any CPU
		{3BF2F823-B435-4FCC-8038-85FA0B418B4A}.Debug|x86.Build.0 = Debug|Any CPU
		{3BF2F823-B435-4FCC-8038-85FA0B418B4A}.Release|Any CPU.ActiveCfg = Release|Any CPU
		{3BF2F823-B435-4FCC-8038-85FA0B418B4A}.Release|Any CPU.Build.0 = Release|Any CPU
		{3BF2F823-B435-4FCC-8038-85FA0B418B4A}.Release|x64.ActiveCfg = Release|Any CPU
		{3BF2F823-B435-4FCC-8038-85FA0B418B4A}.Release|x64.Build.0 = Release|Any CPU
		{3BF2F823-B435-4FCC-8038-85FA0B418B4A}.Release|x86.ActiveCfg = Release|Any CPU
		{3BF2F823-B435-4FCC-8038-85FA0B418B4A}.Release|x86.Build.0 = Release|Any CPU
		{A2E1A5E3-59B7-4FF2-993E-99868E89CF7D}.Debug|Any CPU.ActiveCfg = Debug|Any CPU
		{A2E1A5E3-59B7-4FF2-993E-99868E89CF7D}.Debug|Any CPU.Build.0 = Debug|Any CPU
		{A2E1A5E3-59B7-4FF2-993E-99868E89CF7D}.Debug|x64.ActiveCfg = Debug|Any CPU
		{A2E1A5E3-59B7-4FF2-993E-99868E89CF7D}.Debug|x64.Build.0 = Debug|Any CPU
		{A2E1A5E3-59B7-4FF2-993E-99868E89CF7D}.Debug|x86.ActiveCfg = Debug|Any CPU
		{A2E1A5E3-59B7-4FF2-993E-99868E89CF7D}.Debug|x86.Build.0 = Debug|Any CPU
		{A2E1A5E3-59B7-4FF2-993E-99868E89CF7D}.Release|Any CPU.ActiveCfg = Release|Any CPU
		{A2E1A5E3-59B7-4FF2-993E-99868E89CF7D}.Release|Any CPU.Build.0 = Release|Any CPU
		{A2E1A5E3-59B7-4FF2-993E-99868E89CF7D}.Release|x64.ActiveCfg = Release|Any CPU
		{A2E1A5E3-59B7-4FF2-993E-99868E89CF7D}.Release|x64.Build.0 = Release|Any CPU
		{A2E1A5E3-59B7-4FF2-993E-99868E89CF7D}.Release|x86.ActiveCfg = Release|Any CPU
		{A2E1A5E3-59B7-4FF2-993E-99868E89CF7D}.Release|x86.Build.0 = Release|Any CPU
		{F2646AA7-39EC-4D8A-A469-4FB27B9A362A}.Debug|Any CPU.ActiveCfg = Debug|Any CPU
		{F2646AA7-39EC-4D8A-A469-4FB27B9A362A}.Debug|Any CPU.Build.0 = Debug|Any CPU
		{F2646AA7-39EC-4D8A-A469-4FB27B9A362A}.Debug|x64.ActiveCfg = Debug|Any CPU
		{F2646AA7-39EC-4D8A-A469-4FB27B9A362A}.Debug|x64.Build.0 = Debug|Any CPU
		{F2646AA7-39EC-4D8A-A469-4FB27B9A362A}.Debug|x86.ActiveCfg = Debug|Any CPU
		{F2646AA7-39EC-4D8A-A469-4FB27B9A362A}.Debug|x86.Build.0 = Debug|Any CPU
		{F2646AA7-39EC-4D8A-A469-4FB27B9A362A}.Release|Any CPU.ActiveCfg = Release|Any CPU
		{F2646AA7-39EC-4D8A-A469-4FB27B9A362A}.Release|Any CPU.Build.0 = Release|Any CPU
		{F2646AA7-39EC-4D8A-A469-4FB27B9A362A}.Release|x64.ActiveCfg = Release|Any CPU
		{F2646AA7-39EC-4D8A-A469-4FB27B9A362A}.Release|x64.Build.0 = Release|Any CPU
		{F2646AA7-39EC-4D8A-A469-4FB27B9A362A}.Release|x86.ActiveCfg = Release|Any CPU
		{F2646AA7-39EC-4D8A-A469-4FB27B9A362A}.Release|x86.Build.0 = Release|Any CPU
		{B0F5F8DA-BD2E-4DC5-8C74-36C12AA588B3}.Debug|Any CPU.ActiveCfg = Debug|Any CPU
		{B0F5F8DA-BD2E-4DC5-8C74-36C12AA588B3}.Debug|Any CPU.Build.0 = Debug|Any CPU
		{B0F5F8DA-BD2E-4DC5-8C74-36C12AA588B3}.Debug|x64.ActiveCfg = Debug|Any CPU
		{B0F5F8DA-BD2E-4DC5-8C74-36C12AA588B3}.Debug|x64.Build.0 = Debug|Any CPU
		{B0F5F8DA-BD2E-4DC5-8C74-36C12AA588B3}.Debug|x86.ActiveCfg = Debug|Any CPU
		{B0F5F8DA-BD2E-4DC5-8C74-36C12AA588B3}.Debug|x86.Build.0 = Debug|Any CPU
		{B0F5F8DA-BD2E-4DC5-8C74-36C12AA588B3}.Release|Any CPU.ActiveCfg = Release|Any CPU
		{B0F5F8DA-BD2E-4DC5-8C74-36C12AA588B3}.Release|Any CPU.Build.0 = Release|Any CPU
		{B0F5F8DA-BD2E-4DC5-8C74-36C12AA588B3}.Release|x64.ActiveCfg = Release|Any CPU
		{B0F5F8DA-BD2E-4DC5-8C74-36C12AA588B3}.Release|x64.Build.0 = Release|Any CPU
		{B0F5F8DA-BD2E-4DC5-8C74-36C12AA588B3}.Release|x86.ActiveCfg = Release|Any CPU
		{B0F5F8DA-BD2E-4DC5-8C74-36C12AA588B3}.Release|x86.Build.0 = Release|Any CPU
		{391ED617-7851-4696-950E-DEEA9D016A66}.Debug|Any CPU.ActiveCfg = Debug|Any CPU
		{391ED617-7851-4696-950E-DEEA9D016A66}.Debug|Any CPU.Build.0 = Debug|Any CPU
		{391ED617-7851-4696-950E-DEEA9D016A66}.Debug|x64.ActiveCfg = Debug|Any CPU
		{391ED617-7851-4696-950E-DEEA9D016A66}.Debug|x64.Build.0 = Debug|Any CPU
		{391ED617-7851-4696-950E-DEEA9D016A66}.Debug|x86.ActiveCfg = Debug|Any CPU
		{391ED617-7851-4696-950E-DEEA9D016A66}.Debug|x86.Build.0 = Debug|Any CPU
		{391ED617-7851-4696-950E-DEEA9D016A66}.Release|Any CPU.ActiveCfg = Release|Any CPU
		{391ED617-7851-4696-950E-DEEA9D016A66}.Release|Any CPU.Build.0 = Release|Any CPU
		{391ED617-7851-4696-950E-DEEA9D016A66}.Release|x64.ActiveCfg = Release|Any CPU
		{391ED617-7851-4696-950E-DEEA9D016A66}.Release|x64.Build.0 = Release|Any CPU
		{391ED617-7851-4696-950E-DEEA9D016A66}.Release|x86.ActiveCfg = Release|Any CPU
		{391ED617-7851-4696-950E-DEEA9D016A66}.Release|x86.Build.0 = Release|Any CPU
		{BAA18009-005F-439D-8065-48DD9430220E}.Debug|Any CPU.ActiveCfg = Debug|Any CPU
		{BAA18009-005F-439D-8065-48DD9430220E}.Debug|Any CPU.Build.0 = Debug|Any CPU
		{BAA18009-005F-439D-8065-48DD9430220E}.Debug|x64.ActiveCfg = Debug|Any CPU
		{BAA18009-005F-439D-8065-48DD9430220E}.Debug|x64.Build.0 = Debug|Any CPU
		{BAA18009-005F-439D-8065-48DD9430220E}.Debug|x86.ActiveCfg = Debug|Any CPU
		{BAA18009-005F-439D-8065-48DD9430220E}.Debug|x86.Build.0 = Debug|Any CPU
		{BAA18009-005F-439D-8065-48DD9430220E}.Release|Any CPU.ActiveCfg = Release|Any CPU
		{BAA18009-005F-439D-8065-48DD9430220E}.Release|Any CPU.Build.0 = Release|Any CPU
		{BAA18009-005F-439D-8065-48DD9430220E}.Release|x64.ActiveCfg = Release|Any CPU
		{BAA18009-005F-439D-8065-48DD9430220E}.Release|x64.Build.0 = Release|Any CPU
		{BAA18009-005F-439D-8065-48DD9430220E}.Release|x86.ActiveCfg = Release|Any CPU
		{BAA18009-005F-439D-8065-48DD9430220E}.Release|x86.Build.0 = Release|Any CPU
		{9D915046-3A44-7A8F-6AEC-A31BF3378B0F}.Debug|Any CPU.ActiveCfg = Debug|Any CPU
		{9D915046-3A44-7A8F-6AEC-A31BF3378B0F}.Debug|Any CPU.Build.0 = Debug|Any CPU
		{9D915046-3A44-7A8F-6AEC-A31BF3378B0F}.Debug|x64.ActiveCfg = Debug|Any CPU
		{9D915046-3A44-7A8F-6AEC-A31BF3378B0F}.Debug|x64.Build.0 = Debug|Any CPU
		{9D915046-3A44-7A8F-6AEC-A31BF3378B0F}.Debug|x86.ActiveCfg = Debug|Any CPU
		{9D915046-3A44-7A8F-6AEC-A31BF3378B0F}.Debug|x86.Build.0 = Debug|Any CPU
		{9D915046-3A44-7A8F-6AEC-A31BF3378B0F}.Release|Any CPU.ActiveCfg = Release|Any CPU
		{9D915046-3A44-7A8F-6AEC-A31BF3378B0F}.Release|Any CPU.Build.0 = Release|Any CPU
		{9D915046-3A44-7A8F-6AEC-A31BF3378B0F}.Release|x64.ActiveCfg = Release|Any CPU
		{9D915046-3A44-7A8F-6AEC-A31BF3378B0F}.Release|x64.Build.0 = Release|Any CPU
		{9D915046-3A44-7A8F-6AEC-A31BF3378B0F}.Release|x86.ActiveCfg = Release|Any CPU
		{9D915046-3A44-7A8F-6AEC-A31BF3378B0F}.Release|x86.Build.0 = Release|Any CPU
	EndGlobalSection
	GlobalSection(SolutionProperties) = preSolution
		HideSolutionNode = FALSE
	EndGlobalSection
	GlobalSection(NestedProjects) = preSolution
		{43469D66-F94F-4780-8402-8564FD87CF9C} = {827E0CD3-B72D-47B6-A68D-7590B98EB39B}
		{74DEA581-4C80-43A9-B5C2-49EEBAF8A8BB} = {827E0CD3-B72D-47B6-A68D-7590B98EB39B}
		{82DFA943-E0F0-4ABE-A268-D5BAD1DAEB27} = {827E0CD3-B72D-47B6-A68D-7590B98EB39B}
		{2CFDF054-6D00-4A50-A58A-B94DBA99CB42} = {827E0CD3-B72D-47B6-A68D-7590B98EB39B}
		{EA4E1B26-7F7E-41AC-B269-EA715C3A96E6} = {827E0CD3-B72D-47B6-A68D-7590B98EB39B}
		{3BF2F823-B435-4FCC-8038-85FA0B418B4A} = {0AB3BF05-4346-4AA6-1389-037BE0695223}
		{A2E1A5E3-59B7-4FF2-993E-99868E89CF7D} = {0AB3BF05-4346-4AA6-1389-037BE0695223}
		{F2646AA7-39EC-4D8A-A469-4FB27B9A362A} = {0AB3BF05-4346-4AA6-1389-037BE0695223}
		{B0F5F8DA-BD2E-4DC5-8C74-36C12AA588B3} = {5D20AA90-6969-D8BD-9DCD-8634F4692FDA}
		{391ED617-7851-4696-950E-DEEA9D016A66} = {0AB3BF05-4346-4AA6-1389-037BE0695223}
		{BAA18009-005F-439D-8065-48DD9430220E} = {0AB3BF05-4346-4AA6-1389-037BE0695223}
		{9D915046-3A44-7A8F-6AEC-A31BF3378B0F} = {5D20AA90-6969-D8BD-9DCD-8634F4692FDA}
	EndGlobalSection
EndGlobal
